// !$*UTF8*$!
{
	archiveVersion = 1;
	classes = {
	};
	objectVersion = 50;
	objects = {

/* Begin PBXBuildFile section */
		783C9AF92379B1CB00909CF1 /* AppDelegate.swift in Sources */ = {isa = PBXBuildFile; fileRef = 783C9AF82379B1CB00909CF1 /* AppDelegate.swift */; };
		783C9AFB2379B1CB00909CF1 /* SceneDelegate.swift in Sources */ = {isa = PBXBuildFile; fileRef = 783C9AFA2379B1CB00909CF1 /* SceneDelegate.swift */; };
		783C9AFD2379B1CB00909CF1 /* ContentView.swift in Sources */ = {isa = PBXBuildFile; fileRef = 783C9AFC2379B1CB00909CF1 /* ContentView.swift */; };
		783C9AFF2379B1CE00909CF1 /* Assets.xcassets in Resources */ = {isa = PBXBuildFile; fileRef = 783C9AFE2379B1CE00909CF1 /* Assets.xcassets */; };
		783C9B022379B1CE00909CF1 /* Preview Assets.xcassets in Resources */ = {isa = PBXBuildFile; fileRef = 783C9B012379B1CE00909CF1 /* Preview Assets.xcassets */; };
		783C9B052379B1CE00909CF1 /* LaunchScreen.storyboard in Resources */ = {isa = PBXBuildFile; fileRef = 783C9B032379B1CE00909CF1 /* LaunchScreen.storyboard */; };
		7859B5D7237A499100D3B155 /* LexicalAnalysis.swift in Sources */ = {isa = PBXBuildFile; fileRef = 7859B5D6237A499100D3B155 /* LexicalAnalysis.swift */; };
/* End PBXBuildFile section */

/* Begin PBXFileReference section */
		783C9AF52379B1CB00909CF1 /* LexicalAnalysis_ios.app */ = {isa = PBXFileReference; explicitFileType = wrapper.application; includeInIndex = 0; path = LexicalAnalysis_ios.app; sourceTree = BUILT_PRODUCTS_DIR; };
		783C9AF82379B1CB00909CF1 /* AppDelegate.swift */ = {isa = PBXFileReference; lastKnownFileType = sourcecode.swift; path = AppDelegate.swift; sourceTree = "<group>"; };
		783C9AFA2379B1CB00909CF1 /* SceneDelegate.swift */ = {isa = PBXFileReference; lastKnownFileType = sourcecode.swift; path = SceneDelegate.swift; sourceTree = "<group>"; };
		783C9AFC2379B1CB00909CF1 /* ContentView.swift */ = {isa = PBXFileReference; lastKnownFileType = sourcecode.swift; path = ContentView.swift; sourceTree = "<group>"; };
		783C9AFE2379B1CE00909CF1 /* Assets.xcassets */ = {isa = PBXFileReference; lastKnownFileType = folder.assetcatalog; path = Assets.xcassets; sourceTree = "<group>"; };
		783C9B012379B1CE00909CF1 /* Preview Assets.xcassets */ = {isa = PBXFileReference; lastKnownFileType = folder.assetcatalog; path = "Preview Assets.xcassets"; sourceTree = "<group>"; };
		783C9B042379B1CE00909CF1 /* Base */ = {isa = PBXFileReference; lastKnownFileType = file.storyboard; name = Base; path = Base.lproj/LaunchScreen.storyboard; sourceTree = "<group>"; };
		783C9B062379B1CE00909CF1 /* Info.plist */ = {isa = PBXFileReference; lastKnownFileType = text.plist.xml; path = Info.plist; sourceTree = "<group>"; };
		7859B5D6237A499100D3B155 /* LexicalAnalysis.swift */ = {isa = PBXFileReference; lastKnownFileType = sourcecode.swift; path = LexicalAnalysis.swift; sourceTree = "<group>"; };
/* End PBXFileReference section */

/* Begin PBXFrameworksBuildPhase section */
		783C9AF22379B1CB00909CF1 /* Frameworks */ = {
			isa = PBXFrameworksBuildPhase;
			buildActionMask = 2147483647;
			files = (
			);
			runOnlyForDeploymentPostprocessing = 0;
		};
/* End PBXFrameworksBuildPhase section */

/* Begin PBXGroup section */
		783C9AEC2379B1CB00909CF1 = {
			isa = PBXGroup;
			children = (
				783C9AF72379B1CB00909CF1 /* LexicalAnalysis_ios */,
				783C9AF62379B1CB00909CF1 /* Products */,
			);
			sourceTree = "<group>";
		};
		783C9AF62379B1CB00909CF1 /* Products */ = {
			isa = PBXGroup;
			children = (
				783C9AF52379B1CB00909CF1 /* LexicalAnalysis_ios.app */,
			);
			name = Products;
			sourceTree = "<group>";
		};
		783C9AF72379B1CB00909CF1 /* LexicalAnalysis_ios */ = {
			isa = PBXGroup;
			children = (
				783C9B062379B1CE00909CF1 /* Info.plist */,
				783C9AF82379B1CB00909CF1 /* AppDelegate.swift */,
				783C9AFC2379B1CB00909CF1 /* ContentView.swift */,
				7859B5D6237A499100D3B155 /* LexicalAnalysis.swift */,
				783C9AFA2379B1CB00909CF1 /* SceneDelegate.swift */,
				783C9AFE2379B1CE00909CF1 /* Assets.xcassets */,
				783C9B032379B1CE00909CF1 /* LaunchScreen.storyboard */,
				783C9B002379B1CE00909CF1 /* Preview Content */,
			);
			path = LexicalAnalysis_ios;
			sourceTree = "<group>";
		};
		783C9B002379B1CE00909CF1 /* Preview Content */ = {
			isa = PBXGroup;
			children = (
				783C9B012379B1CE00909CF1 /* Preview Assets.xcassets */,
			);
			path = "Preview Content";
			sourceTree = "<group>";
		};
/* End PBXGroup section */

/* Begin PBXNativeTarget section */
		783C9AF42379B1CB00909CF1 /* LexicalAnalysis_ios */ = {
			isa = PBXNativeTarget;
			buildConfigurationList = 783C9B092379B1CE00909CF1 /* Build configuration list for PBXNativeTarget "LexicalAnalysis_ios" */;
			buildPhases = (
				783C9AF12379B1CB00909CF1 /* Sources */,
				783C9AF22379B1CB00909CF1 /* Frameworks */,
				783C9AF32379B1CB00909CF1 /* Resources */,
			);
			buildRules = (
			);
			dependencies = (
			);
			name = LexicalAnalysis_ios;
			productName = LexicalAnalysis_ios;
			productReference = 783C9AF52379B1CB00909CF1 /* LexicalAnalysis_ios.app */;
			productType = "com.apple.product-type.application";
		};
/* End PBXNativeTarget section */

/* Begin PBXProject section */
		783C9AED2379B1CB00909CF1 /* Project object */ = {
			isa = PBXProject;
			attributes = {
				LastSwiftUpdateCheck = 1120;
				LastUpgradeCheck = 1120;
				ORGANIZATIONNAME = Layer;
				TargetAttributes = {
					783C9AF42379B1CB00909CF1 = {
						CreatedOnToolsVersion = 11.2;
					};
				};
			};
			buildConfigurationList = 783C9AF02379B1CB00909CF1 /* Build configuration list for PBXProject "LexicalAnalysis_ios" */;
			compatibilityVersion = "Xcode 9.3";
			developmentRegion = en;
			hasScannedForEncodings = 0;
			knownRegions = (
				en,
				Base,
			);
			mainGroup = 783C9AEC2379B1CB00909CF1;
			productRefGroup = 783C9AF62379B1CB00909CF1 /* Products */;
			projectDirPath = "";
			projectRoot = "";
			targets = (
				783C9AF42379B1CB00909CF1 /* LexicalAnalysis_ios */,
			);
		};
/* End PBXProject section */

/* Begin PBXResourcesBuildPhase section */
		783C9AF32379B1CB00909CF1 /* Resources */ = {
			isa = PBXResourcesBuildPhase;
			buildActionMask = 2147483647;
			files = (
				783C9B052379B1CE00909CF1 /* LaunchScreen.storyboard in Resources */,
				783C9B022379B1CE00909CF1 /* Preview Assets.xcassets in Resources */,
				783C9AFF2379B1CE00909CF1 /* Assets.xcassets in Resources */,
			);
			runOnlyForDeploymentPostprocessing = 0;
		};
/* End PBXResourcesBuildPhase section */

/* Begin PBXSourcesBuildPhase section */
		783C9AF12379B1CB00909CF1 /* Sources */ = {
			isa = PBXSourcesBuildPhase;
			buildActionMask = 2147483647;
			files = (
				783C9AF92379B1CB00909CF1 /* AppDelegate.swift in Sources */,
				783C9AFB2379B1CB00909CF1 /* SceneDelegate.swift in Sources */,
				7859B5D7237A499100D3B155 /* LexicalAnalysis.swift in Sources */,
				783C9AFD2379B1CB00909CF1 /* ContentView.swift in Sources */,
			);
			runOnlyForDeploymentPostprocessing = 0;
		};
/* End PBXSourcesBuildPhase section */

/* Begin PBXVariantGroup section */
		783C9B032379B1CE00909CF1 /* LaunchScreen.storyboard */ = {
			isa = PBXVariantGroup;
			children = (
				783C9B042379B1CE00909CF1 /* Base */,
			);
			name = LaunchScreen.storyboard;
			sourceTree = "<group>";
		};
/* End PBXVariantGroup section */

/* Begin XCBuildConfiguration section */
		783C9B072379B1CE00909CF1 /* Debug */ = {
			isa = XCBuildConfiguration;
			buildSettings = {
				ALWAYS_SEARCH_USER_PATHS = NO;
				CLANG_ANALYZER_NONNULL = YES;
				CLANG_ANALYZER_NUMBER_OBJECT_CONVERSION = YES_AGGRESSIVE;
				CLANG_CXX_LANGUAGE_STANDARD = "gnu++14";
				CLANG_CXX_LIBRARY = "libc++";
				CLANG_ENABLE_MODULES = YES;
				CLANG_ENABLE_OBJC_ARC = YES;
				CLANG_ENABLE_OBJC_WEAK = YES;
				CLANG_WARN_BLOCK_CAPTURE_AUTORELEASING = YES;
				CLANG_WARN_BOOL_CONVERSION = YES;
				CLANG_WARN_COMMA = YES;
				CLANG_WARN_CONSTANT_CONVERSION = YES;
				CLANG_WARN_DEPRECATED_OBJC_IMPLEMENTATIONS = YES;
				CLANG_WARN_DIRECT_OBJC_ISA_USAGE = YES_ERROR;
				CLANG_WARN_DOCUMENTATION_COMMENTS = YES;
				CLANG_WARN_EMPTY_BODY = YES;
				CLANG_WARN_ENUM_CONVERSION = YES;
				CLANG_WARN_INFINITE_RECURSION = YES;
				CLANG_WARN_INT_CONVERSION = YES;
				CLANG_WARN_NON_LITERAL_NULL_CONVERSION = YES;
				CLANG_WARN_OBJC_IMPLICIT_RETAIN_SELF = YES;
				CLANG_WARN_OBJC_LITERAL_CONVERSION = YES;
				CLANG_WARN_OBJC_ROOT_CLASS = YES_ERROR;
				CLANG_WARN_RANGE_LOOP_ANALYSIS = YES;
				CLANG_WARN_STRICT_PROTOTYPES = YES;
				CLANG_WARN_SUSPICIOUS_MOVE = YES;
				CLANG_WARN_UNGUARDED_AVAILABILITY = YES_AGGRESSIVE;
				CLANG_WARN_UNREACHABLE_CODE = YES;
				CLANG_WARN__DUPLICATE_METHOD_MATCH = YES;
				COPY_PHASE_STRIP = NO;
				DEBUG_INFORMATION_FORMAT = dwarf;
				ENABLE_STRICT_OBJC_MSGSEND = YES;
				ENABLE_TESTABILITY = YES;
				GCC_C_LANGUAGE_STANDARD = gnu11;
				GCC_DYNAMIC_NO_PIC = NO;
				GCC_NO_COMMON_BLOCKS = YES;
				GCC_OPTIMIZATION_LEVEL = 0;
				GCC_PREPROCESSOR_DEFINITIONS = (
					"DEBUG=1",
					"$(inherited)",
				);
				GCC_WARN_64_TO_32_BIT_CONVERSION = YES;
				GCC_WARN_ABOUT_RETURN_TYPE = YES_ERROR;
				GCC_WARN_UNDECLARED_SELECTOR = YES;
				GCC_WARN_UNINITIALIZED_AUTOS = YES_AGGRESSIVE;
				GCC_WARN_UNUSED_FUNCTION = YES;
				GCC_WARN_UNUSED_VARIABLE = YES;
				IPHONEOS_DEPLOYMENT_TARGET = 13.2;
				MTL_ENABLE_DEBUG_INFO = INCLUDE_SOURCE;
				MTL_FAST_MATH = YES;
				ONLY_ACTIVE_ARCH = YES;
				SDKROOT = iphoneos;
				SWIFT_ACTIVE_COMPILATION_CONDITIONS = DEBUG;
				SWIFT_OPTIMIZATION_LEVEL = "-Onone";
			};
			name = Debug;
		};
		783C9B082379B1CE00909CF1 /* Release */ = {
			isa = XCBuildConfiguration;
			buildSettings = {
				ALWAYS_SEARCH_USER_PATHS = NO;
				CLANG_ANALYZER_NONNULL = YES;
				CLANG_ANALYZER_NUMBER_OBJECT_CONVERSION = YES_AGGRESSIVE;
				CLANG_CXX_LANGUAGE_STANDARD = "gnu++14";
				CLANG_CXX_LIBRARY = "libc++";
				CLANG_ENABLE_MODULES = YES;
				CLANG_ENABLE_OBJC_ARC = YES;
				CLANG_ENABLE_OBJC_WEAK = YES;
				CLANG_WARN_BLOCK_CAPTURE_AUTORELEASING = YES;
				CLANG_WARN_BOOL_CONVERSION = YES;
				CLANG_WARN_COMMA = YES;
				CLANG_WARN_CONSTANT_CONVERSION = YES;
				CLANG_WARN_DEPRECATED_OBJC_IMPLEMENTATIONS = YES;
				CLANG_WARN_DIRECT_OBJC_ISA_USAGE = YES_ERROR;
				CLANG_WARN_DOCUMENTATION_COMMENTS = YES;
				CLANG_WARN_EMPTY_BODY = YES;
				CLANG_WARN_ENUM_CONVERSION = YES;
				CLANG_WARN_INFINITE_RECURSION = YES;
				CLANG_WARN_INT_CONVERSION = YES;
				CLANG_WARN_NON_LITERAL_NULL_CONVERSION = YES;
				CLANG_WARN_OBJC_IMPLICIT_RETAIN_SELF = YES;
				CLANG_WARN_OBJC_LITERAL_CONVERSION = YES;
				CLANG_WARN_OBJC_ROOT_CLASS = YES_ERROR;
				CLANG_WARN_RANGE_LOOP_ANALYSIS = YES;
				CLANG_WARN_STRICT_PROTOTYPES = YES;
				CLANG_WARN_SUSPICIOUS_MOVE = YES;
				CLANG_WARN_UNGUARDED_AVAILABILITY = YES_AGGRESSIVE;
				CLANG_WARN_UNREACHABLE_CODE = YES;
				CLANG_WARN__DUPLICATE_METHOD_MATCH = YES;
				COPY_PHASE_STRIP = NO;
				DEBUG_INFORMATION_FORMAT = "dwarf-with-dsym";
				ENABLE_NS_ASSERTIONS = NO;
				ENABLE_STRICT_OBJC_MSGSEND = YES;
				GCC_C_LANGUAGE_STANDARD = gnu11;
				GCC_NO_COMMON_BLOCKS = YES;
				GCC_WARN_64_TO_32_BIT_CONVERSION = YES;
				GCC_WARN_ABOUT_RETURN_TYPE = YES_ERROR;
				GCC_WARN_UNDECLARED_SELECTOR = YES;
				GCC_WARN_UNINITIALIZED_AUTOS = YES_AGGRESSIVE;
				GCC_WARN_UNUSED_FUNCTION = YES;
				GCC_WARN_UNUSED_VARIABLE = YES;
				IPHONEOS_DEPLOYMENT_TARGET = 13.2;
				MTL_ENABLE_DEBUG_INFO = NO;
				MTL_FAST_MATH = YES;
				SDKROOT = iphoneos;
				SWIFT_COMPILATION_MODE = wholemodule;
				SWIFT_OPTIMIZATION_LEVEL = "-O";
				VALIDATE_PRODUCT = YES;
			};
			name = Release;
		};
		783C9B0A2379B1CE00909CF1 /* Debug */ = {
			isa = XCBuildConfiguration;
			buildSettings = {
				ASSETCATALOG_COMPILER_APPICON_NAME = AppIcon;
				CODE_SIGN_STYLE = Automatic;
				DEVELOPMENT_ASSET_PATHS = "\"LexicalAnalysis_ios/Preview Content\"";
				ENABLE_PREVIEWS = YES;
				INFOPLIST_FILE = LexicalAnalysis_ios/Info.plist;
				LD_RUNPATH_SEARCH_PATHS = (
					"$(inherited)",
					"@executable_path/Frameworks",
				);
				PRODUCT_BUNDLE_IDENTIFIER = "-.LexicalAnalysis-ios";
				PRODUCT_NAME = "$(TARGET_NAME)";
				SWIFT_VERSION = 5.0;
				TARGETED_DEVICE_FAMILY = "1,2";
			};
			name = Debug;
		};
		783C9B0B2379B1CE00909CF1 /* Release */ = {
			isa = XCBuildConfiguration;
			buildSettings = {
				ASSETCATALOG_COMPILER_APPICON_NAME = AppIcon;
				CODE_SIGN_STYLE = Automatic;
				DEVELOPMENT_ASSET_PATHS = "\"LexicalAnalysis_ios/Preview Content\"";
				ENABLE_PREVIEWS = YES;
				INFOPLIST_FILE = LexicalAnalysis_ios/Info.plist;
				LD_RUNPATH_SEARCH_PATHS = (
					"$(inherited)",
					"@executable_path/Frameworks",
				);
				PRODUCT_BUNDLE_IDENTIFIER = "-.LexicalAnalysis-ios";
				PRODUCT_NAME = "$(TARGET_NAME)";
				SWIFT_VERSION = 5.0;
				TARGETED_DEVICE_FAMILY = "1,2";
			};
			name = Release;
		};
/* End XCBuildConfiguration section */

/* Begin XCConfigurationList section */
		783C9AF02379B1CB00909CF1 /* Build configuration list for PBXProject "LexicalAnalysis_ios" */ = {
			isa = XCConfigurationList;
			buildConfigurations = (
				783C9B072379B1CE00909CF1 /* Debug */,
				783C9B082379B1CE00909CF1 /* Release */,
			);
			defaultConfigurationIsVisible = 0;
			defaultConfigurationName = Release;
		};
		783C9B092379B1CE00909CF1 /* Build configuration list for PBXNativeTarget "LexicalAnalysis_ios" */ = {
			isa = XCConfigurationList;
			buildConfigurations = (
				783C9B0A2379B1CE00909CF1 /* Debug */,
				783C9B0B2379B1CE00909CF1 /* Release */,
			);
			defaultConfigurationIsVisible = 0;
			defaultConfigurationName = Release;
		};
/* End XCConfigurationList section */
	};
	rootObject = 783C9AED2379B1CB00909CF1 /* Project object */;
}
